
Microsoft Visual Studio Solution File, Format Version 12.00
# Visual Studio 2012
Project("{FAE04EC0-301F-11D3-BF4B-00C04F79EFBC}") = "Implementation of String Array", "Implementation of String Array\Implementation of String Array.csproj", "{356F0B62-5D60-468D-B814-A280319282DF}"
EndProject
Global
	GlobalSection(SolutionConfigurationPlatforms) = preSolution
		Debug|Any CPU = Debug|Any CPU
		Release|Any CPU = Release|Any CPU
	EndGlobalSection
	GlobalSection(ProjectConfigurationPlatforms) = postSolution
		{356F0B62-5D60-468D-B814-A280319282DF}.Debug|Any CPU.ActiveCfg = Debug|Any CPU
		{356F0B62-5D60-468D-B814-A280319282DF}.Debug|Any CPU.Build.0 = Debug|Any CPU
		{356F0B62-5D60-468D-B814-A280319282DF}.Release|Any CPU.ActiveCfg = Release|Any CPU
		{356F0B62-5D60-468D-B814-A280319282DF}.Release|Any CPU.Build.0 = Release|Any CPU
	EndGlobalSection
	GlobalSection(SolutionProperties) = preSolution
		HideSolutionNode = FALSE
	EndGlobalSection
EndGlobal
