
Microsoft Visual Studio Solution File, Format Version 12.00
# Visual Studio 15
VisualStudioVersion = 15.0.27130.2036
MinimumVisualStudioVersion = 10.0.40219.1
Project("{FAE04EC0-301F-11D3-BF4B-00C04F79EFBC}") = "List.RemoveAt", "List.RemoveAt\List.RemoveAt.csproj", "{606D2BD9-0B8D-4985-A6F8-C777DE37D71F}"
EndProject
Global
	GlobalSection(SolutionConfigurationPlatforms) = preSolution
		Debug|Any CPU = Debug|Any CPU
		Release|Any CPU = Release|Any CPU
	EndGlobalSection
	GlobalSection(ProjectConfigurationPlatforms) = postSolution
		{606D2BD9-0B8D-4985-A6F8-C777DE37D71F}.Debug|Any CPU.ActiveCfg = Debug|Any CPU
		{606D2BD9-0B8D-4985-A6F8-C777DE37D71F}.Debug|Any CPU.Build.0 = Debug|Any CPU
		{606D2BD9-0B8D-4985-A6F8-C777DE37D71F}.Release|Any CPU.ActiveCfg = Release|Any CPU
		{606D2BD9-0B8D-4985-A6F8-C777DE37D71F}.Release|Any CPU.Build.0 = Release|Any CPU
	EndGlobalSection
	GlobalSection(SolutionProperties) = preSolution
		HideSolutionNode = FALSE
	EndGlobalSection
	GlobalSection(ExtensibilityGlobals) = postSolution
		SolutionGuid = {215B6E91-2480-45BF-95EB-90355AD7EE53}
	EndGlobalSection
EndGlobal
