
Microsoft Visual Studio Solution File, Format Version 12.00
# Visual Studio 15
VisualStudioVersion = 15.0.27130.2036
MinimumVisualStudioVersion = 10.0.40219.1
Project("{FAE04EC0-301F-11D3-BF4B-00C04F79EFBC}") = "Count Property And Clear Method in List", "Count Property And Clear Method in List\Count Property And Clear Method in List.csproj", "{497755B2-4692-4B06-9C80-147C4FA51648}"
EndProject
Global
	GlobalSection(SolutionConfigurationPlatforms) = preSolution
		Debug|Any CPU = Debug|Any CPU
		Release|Any CPU = Release|Any CPU
	EndGlobalSection
	GlobalSection(ProjectConfigurationPlatforms) = postSolution
		{497755B2-4692-4B06-9C80-147C4FA51648}.Debug|Any CPU.ActiveCfg = Debug|Any CPU
		{497755B2-4692-4B06-9C80-147C4FA51648}.Debug|Any CPU.Build.0 = Debug|Any CPU
		{497755B2-4692-4B06-9C80-147C4FA51648}.Release|Any CPU.ActiveCfg = Release|Any CPU
		{497755B2-4692-4B06-9C80-147C4FA51648}.Release|Any CPU.Build.0 = Release|Any CPU
	EndGlobalSection
	GlobalSection(SolutionProperties) = preSolution
		HideSolutionNode = FALSE
	EndGlobalSection
	GlobalSection(ExtensibilityGlobals) = postSolution
		SolutionGuid = {0C4C924A-3ABA-452B-B990-FEBCEAD33EF2}
	EndGlobalSection
EndGlobal
