
Microsoft Visual Studio Solution File, Format Version 12.00
# Visual Studio 2012
Project("{FAE04EC0-301F-11D3-BF4B-00C04F79EFBC}") = "Re-Throwing An Exception", "Re-Throwing An Exception\Re-Throwing An Exception.csproj", "{E04DE4AB-FADF-41FC-995A-B713C4A7C8C7}"
EndProject
Global
	GlobalSection(SolutionConfigurationPlatforms) = preSolution
		Debug|Any CPU = Debug|Any CPU
		Release|Any CPU = Release|Any CPU
	EndGlobalSection
	GlobalSection(ProjectConfigurationPlatforms) = postSolution
		{E04DE4AB-FADF-41FC-995A-B713C4A7C8C7}.Debug|Any CPU.ActiveCfg = Debug|Any CPU
		{E04DE4AB-FADF-41FC-995A-B713C4A7C8C7}.Debug|Any CPU.Build.0 = Debug|Any CPU
		{E04DE4AB-FADF-41FC-995A-B713C4A7C8C7}.Release|Any CPU.ActiveCfg = Release|Any CPU
		{E04DE4AB-FADF-41FC-995A-B713C4A7C8C7}.Release|Any CPU.Build.0 = Release|Any CPU
	EndGlobalSection
	GlobalSection(SolutionProperties) = preSolution
		HideSolutionNode = FALSE
	EndGlobalSection
EndGlobal
