
Microsoft Visual Studio Solution File, Format Version 12.00
# Visual Studio 2012
Project("{FAE04EC0-301F-11D3-BF4B-00C04F79EFBC}") = "Single Inheritance", "Single Inheritance\Single Inheritance.csproj", "{DBD949F0-0350-4389-8D40-F3306C18DCA4}"
EndProject
Global
	GlobalSection(SolutionConfigurationPlatforms) = preSolution
		Debug|Any CPU = Debug|Any CPU
		Release|Any CPU = Release|Any CPU
	EndGlobalSection
	GlobalSection(ProjectConfigurationPlatforms) = postSolution
		{DBD949F0-0350-4389-8D40-F3306C18DCA4}.Debug|Any CPU.ActiveCfg = Debug|Any CPU
		{DBD949F0-0350-4389-8D40-F3306C18DCA4}.Debug|Any CPU.Build.0 = Debug|Any CPU
		{DBD949F0-0350-4389-8D40-F3306C18DCA4}.Release|Any CPU.ActiveCfg = Release|Any CPU
		{DBD949F0-0350-4389-8D40-F3306C18DCA4}.Release|Any CPU.Build.0 = Release|Any CPU
	EndGlobalSection
	GlobalSection(SolutionProperties) = preSolution
		HideSolutionNode = FALSE
	EndGlobalSection
EndGlobal
