
Microsoft Visual Studio Solution File, Format Version 12.00
# Visual Studio 15
VisualStudioVersion = 15.0.27130.2036
MinimumVisualStudioVersion = 10.0.40219.1
Project("{FAE04EC0-301F-11D3-BF4B-00C04F79EFBC}") = "Creating New Integer List", "Creating New Integer List\Creating New Integer List.csproj", "{EEB51C5B-5BAB-4757-B835-29BDEC3E1344}"
EndProject
Global
	GlobalSection(SolutionConfigurationPlatforms) = preSolution
		Debug|Any CPU = Debug|Any CPU
		Release|Any CPU = Release|Any CPU
	EndGlobalSection
	GlobalSection(ProjectConfigurationPlatforms) = postSolution
		{EEB51C5B-5BAB-4757-B835-29BDEC3E1344}.Debug|Any CPU.ActiveCfg = Debug|Any CPU
		{EEB51C5B-5BAB-4757-B835-29BDEC3E1344}.Debug|Any CPU.Build.0 = Debug|Any CPU
		{EEB51C5B-5BAB-4757-B835-29BDEC3E1344}.Release|Any CPU.ActiveCfg = Release|Any CPU
		{EEB51C5B-5BAB-4757-B835-29BDEC3E1344}.Release|Any CPU.Build.0 = Release|Any CPU
	EndGlobalSection
	GlobalSection(SolutionProperties) = preSolution
		HideSolutionNode = FALSE
	EndGlobalSection
	GlobalSection(ExtensibilityGlobals) = postSolution
		SolutionGuid = {95F10EC1-BA51-428C-9FFF-5E852CBCEBBF}
	EndGlobalSection
EndGlobal
