
Microsoft Visual Studio Solution File, Format Version 12.00
# Visual Studio 15
VisualStudioVersion = 15.0.27130.2036
MinimumVisualStudioVersion = 10.0.40219.1
Project("{FAE04EC0-301F-11D3-BF4B-00C04F79EFBC}") = "list.find", "list.find\list.find.csproj", "{31C9FD7F-3E8D-492E-AAA5-EC86252B0C40}"
EndProject
Global
	GlobalSection(SolutionConfigurationPlatforms) = preSolution
		Debug|Any CPU = Debug|Any CPU
		Release|Any CPU = Release|Any CPU
	EndGlobalSection
	GlobalSection(ProjectConfigurationPlatforms) = postSolution
		{31C9FD7F-3E8D-492E-AAA5-EC86252B0C40}.Debug|Any CPU.ActiveCfg = Debug|Any CPU
		{31C9FD7F-3E8D-492E-AAA5-EC86252B0C40}.Debug|Any CPU.Build.0 = Debug|Any CPU
		{31C9FD7F-3E8D-492E-AAA5-EC86252B0C40}.Release|Any CPU.ActiveCfg = Release|Any CPU
		{31C9FD7F-3E8D-492E-AAA5-EC86252B0C40}.Release|Any CPU.Build.0 = Release|Any CPU
	EndGlobalSection
	GlobalSection(SolutionProperties) = preSolution
		HideSolutionNode = FALSE
	EndGlobalSection
	GlobalSection(ExtensibilityGlobals) = postSolution
		SolutionGuid = {D2B1821E-ADC8-40E1-9E59-B05BD85B4C41}
	EndGlobalSection
EndGlobal
