
Microsoft Visual Studio Solution File, Format Version 12.00
# Visual Studio 15
VisualStudioVersion = 15.0.27130.2036
MinimumVisualStudioVersion = 10.0.40219.1
Project("{FAE04EC0-301F-11D3-BF4B-00C04F79EFBC}") = "List.Exists", "List.Exists\List.Exists.csproj", "{7B5FF3E5-992E-44ED-A9FB-4956F24D49FC}"
EndProject
Global
	GlobalSection(SolutionConfigurationPlatforms) = preSolution
		Debug|Any CPU = Debug|Any CPU
		Release|Any CPU = Release|Any CPU
	EndGlobalSection
	GlobalSection(ProjectConfigurationPlatforms) = postSolution
		{7B5FF3E5-992E-44ED-A9FB-4956F24D49FC}.Debug|Any CPU.ActiveCfg = Debug|Any CPU
		{7B5FF3E5-992E-44ED-A9FB-4956F24D49FC}.Debug|Any CPU.Build.0 = Debug|Any CPU
		{7B5FF3E5-992E-44ED-A9FB-4956F24D49FC}.Release|Any CPU.ActiveCfg = Release|Any CPU
		{7B5FF3E5-992E-44ED-A9FB-4956F24D49FC}.Release|Any CPU.Build.0 = Release|Any CPU
	EndGlobalSection
	GlobalSection(SolutionProperties) = preSolution
		HideSolutionNode = FALSE
	EndGlobalSection
	GlobalSection(ExtensibilityGlobals) = postSolution
		SolutionGuid = {0C3335D5-743A-440C-83FA-D0650AFFC12A}
	EndGlobalSection
EndGlobal
