
Microsoft Visual Studio Solution File, Format Version 12.00
# Visual Studio 15
VisualStudioVersion = 15.0.27130.2036
MinimumVisualStudioVersion = 10.0.40219.1
Project("{FAE04EC0-301F-11D3-BF4B-00C04F79EFBC}") = "list.Contains", "list.Contains\list.Contains.csproj", "{15882D58-FB04-47E8-9620-CD9A49E13092}"
EndProject
Global
	GlobalSection(SolutionConfigurationPlatforms) = preSolution
		Debug|Any CPU = Debug|Any CPU
		Release|Any CPU = Release|Any CPU
	EndGlobalSection
	GlobalSection(ProjectConfigurationPlatforms) = postSolution
		{15882D58-FB04-47E8-9620-CD9A49E13092}.Debug|Any CPU.ActiveCfg = Debug|Any CPU
		{15882D58-FB04-47E8-9620-CD9A49E13092}.Debug|Any CPU.Build.0 = Debug|Any CPU
		{15882D58-FB04-47E8-9620-CD9A49E13092}.Release|Any CPU.ActiveCfg = Release|Any CPU
		{15882D58-FB04-47E8-9620-CD9A49E13092}.Release|Any CPU.Build.0 = Release|Any CPU
	EndGlobalSection
	GlobalSection(SolutionProperties) = preSolution
		HideSolutionNode = FALSE
	EndGlobalSection
	GlobalSection(ExtensibilityGlobals) = postSolution
		SolutionGuid = {5EAE5D8C-F08A-46B4-B2CC-D7D34E8F90E9}
	EndGlobalSection
EndGlobal
