
Microsoft Visual Studio Solution File, Format Version 12.00
# Visual Studio 2012
Project("{FAE04EC0-301F-11D3-BF4B-00C04F79EFBC}") = "Exception Handling with try and catch", "Exception Handling with try and catch\Exception Handling with try and catch.csproj", "{BE1C2D9C-73ED-4972-ACA5-37318A4CFCBE}"
EndProject
Global
	GlobalSection(SolutionConfigurationPlatforms) = preSolution
		Debug|Any CPU = Debug|Any CPU
		Release|Any CPU = Release|Any CPU
	EndGlobalSection
	GlobalSection(ProjectConfigurationPlatforms) = postSolution
		{BE1C2D9C-73ED-4972-ACA5-37318A4CFCBE}.Debug|Any CPU.ActiveCfg = Debug|Any CPU
		{BE1C2D9C-73ED-4972-ACA5-37318A4CFCBE}.Debug|Any CPU.Build.0 = Debug|Any CPU
		{BE1C2D9C-73ED-4972-ACA5-37318A4CFCBE}.Release|Any CPU.ActiveCfg = Release|Any CPU
		{BE1C2D9C-73ED-4972-ACA5-37318A4CFCBE}.Release|Any CPU.Build.0 = Release|Any CPU
	EndGlobalSection
	GlobalSection(SolutionProperties) = preSolution
		HideSolutionNode = FALSE
	EndGlobalSection
EndGlobal
