
Microsoft Visual Studio Solution File, Format Version 12.00
# Visual Studio 15
VisualStudioVersion = 15.0.27130.2036
MinimumVisualStudioVersion = 10.0.40219.1
Project("{FAE04EC0-301F-11D3-BF4B-00C04F79EFBC}") = "Indexof in List", "Indexof in List\Indexof in List.csproj", "{0C4978DF-3467-4824-BE38-5512820863F9}"
EndProject
Global
	GlobalSection(SolutionConfigurationPlatforms) = preSolution
		Debug|Any CPU = Debug|Any CPU
		Release|Any CPU = Release|Any CPU
	EndGlobalSection
	GlobalSection(ProjectConfigurationPlatforms) = postSolution
		{0C4978DF-3467-4824-BE38-5512820863F9}.Debug|Any CPU.ActiveCfg = Debug|Any CPU
		{0C4978DF-3467-4824-BE38-5512820863F9}.Debug|Any CPU.Build.0 = Debug|Any CPU
		{0C4978DF-3467-4824-BE38-5512820863F9}.Release|Any CPU.ActiveCfg = Release|Any CPU
		{0C4978DF-3467-4824-BE38-5512820863F9}.Release|Any CPU.Build.0 = Release|Any CPU
	EndGlobalSection
	GlobalSection(SolutionProperties) = preSolution
		HideSolutionNode = FALSE
	EndGlobalSection
	GlobalSection(ExtensibilityGlobals) = postSolution
		SolutionGuid = {37EFDEF5-1426-4A24-921B-80AECA01CEC2}
	EndGlobalSection
EndGlobal
