
Microsoft Visual Studio Solution File, Format Version 12.00
# Visual Studio 15
VisualStudioVersion = 15.0.27130.2036
MinimumVisualStudioVersion = 10.0.40219.1
Project("{FAE04EC0-301F-11D3-BF4B-00C04F79EFBC}") = "list.Remove All", "list.Remove All\list.Remove All.csproj", "{1AD116CE-E094-4C84-AC7F-5874DC1ED3EE}"
EndProject
Global
	GlobalSection(SolutionConfigurationPlatforms) = preSolution
		Debug|Any CPU = Debug|Any CPU
		Release|Any CPU = Release|Any CPU
	EndGlobalSection
	GlobalSection(ProjectConfigurationPlatforms) = postSolution
		{1AD116CE-E094-4C84-AC7F-5874DC1ED3EE}.Debug|Any CPU.ActiveCfg = Debug|Any CPU
		{1AD116CE-E094-4C84-AC7F-5874DC1ED3EE}.Debug|Any CPU.Build.0 = Debug|Any CPU
		{1AD116CE-E094-4C84-AC7F-5874DC1ED3EE}.Release|Any CPU.ActiveCfg = Release|Any CPU
		{1AD116CE-E094-4C84-AC7F-5874DC1ED3EE}.Release|Any CPU.Build.0 = Release|Any CPU
	EndGlobalSection
	GlobalSection(SolutionProperties) = preSolution
		HideSolutionNode = FALSE
	EndGlobalSection
	GlobalSection(ExtensibilityGlobals) = postSolution
		SolutionGuid = {2BE1C795-C4ED-44F1-9C7D-CD3C4681FF27}
	EndGlobalSection
EndGlobal
