
Microsoft Visual Studio Solution File, Format Version 12.00
# Visual Studio 15
VisualStudioVersion = 15.0.27130.2036
MinimumVisualStudioVersion = 10.0.40219.1
Project("{FAE04EC0-301F-11D3-BF4B-00C04F79EFBC}") = "yield Keyword in C Sharp", "yield Keyword in C Sharp\yield Keyword in C Sharp.csproj", "{C7ED31FC-22C1-4462-90CB-3438036C8E61}"
EndProject
Global
	GlobalSection(SolutionConfigurationPlatforms) = preSolution
		Debug|Any CPU = Debug|Any CPU
		Release|Any CPU = Release|Any CPU
	EndGlobalSection
	GlobalSection(ProjectConfigurationPlatforms) = postSolution
		{C7ED31FC-22C1-4462-90CB-3438036C8E61}.Debug|Any CPU.ActiveCfg = Debug|Any CPU
		{C7ED31FC-22C1-4462-90CB-3438036C8E61}.Debug|Any CPU.Build.0 = Debug|Any CPU
		{C7ED31FC-22C1-4462-90CB-3438036C8E61}.Release|Any CPU.ActiveCfg = Release|Any CPU
		{C7ED31FC-22C1-4462-90CB-3438036C8E61}.Release|Any CPU.Build.0 = Release|Any CPU
	EndGlobalSection
	GlobalSection(SolutionProperties) = preSolution
		HideSolutionNode = FALSE
	EndGlobalSection
	GlobalSection(ExtensibilityGlobals) = postSolution
		SolutionGuid = {1B9A8F1F-4273-4DA3-9956-B4FCDA3EBA82}
	EndGlobalSection
EndGlobal
