
Microsoft Visual Studio Solution File, Format Version 12.00
# Visual Studio 15
VisualStudioVersion = 15.0.27130.2036
MinimumVisualStudioVersion = 10.0.40219.1
Project("{FAE04EC0-301F-11D3-BF4B-00C04F79EFBC}") = "List.RemoveRange", "List.RemoveRange\List.RemoveRange.csproj", "{AF204144-880D-4890-8084-C7CB27A67B29}"
EndProject
Global
	GlobalSection(SolutionConfigurationPlatforms) = preSolution
		Debug|Any CPU = Debug|Any CPU
		Release|Any CPU = Release|Any CPU
	EndGlobalSection
	GlobalSection(ProjectConfigurationPlatforms) = postSolution
		{AF204144-880D-4890-8084-C7CB27A67B29}.Debug|Any CPU.ActiveCfg = Debug|Any CPU
		{AF204144-880D-4890-8084-C7CB27A67B29}.Debug|Any CPU.Build.0 = Debug|Any CPU
		{AF204144-880D-4890-8084-C7CB27A67B29}.Release|Any CPU.ActiveCfg = Release|Any CPU
		{AF204144-880D-4890-8084-C7CB27A67B29}.Release|Any CPU.Build.0 = Release|Any CPU
	EndGlobalSection
	GlobalSection(SolutionProperties) = preSolution
		HideSolutionNode = FALSE
	EndGlobalSection
	GlobalSection(ExtensibilityGlobals) = postSolution
		SolutionGuid = {DCF345AF-4ECB-4547-9B5F-6380A26EF534}
	EndGlobalSection
EndGlobal
