
Microsoft Visual Studio Solution File, Format Version 12.00
# Visual Studio 15
VisualStudioVersion = 15.0.27130.2036
MinimumVisualStudioVersion = 10.0.40219.1
Project("{FAE04EC0-301F-11D3-BF4B-00C04F79EFBC}") = "AddRange in List", "AddRange in List\AddRange in List.csproj", "{15275027-38A8-4161-9DB6-4F1D38EBCDCA}"
EndProject
Global
	GlobalSection(SolutionConfigurationPlatforms) = preSolution
		Debug|Any CPU = Debug|Any CPU
		Release|Any CPU = Release|Any CPU
	EndGlobalSection
	GlobalSection(ProjectConfigurationPlatforms) = postSolution
		{15275027-38A8-4161-9DB6-4F1D38EBCDCA}.Debug|Any CPU.ActiveCfg = Debug|Any CPU
		{15275027-38A8-4161-9DB6-4F1D38EBCDCA}.Debug|Any CPU.Build.0 = Debug|Any CPU
		{15275027-38A8-4161-9DB6-4F1D38EBCDCA}.Release|Any CPU.ActiveCfg = Release|Any CPU
		{15275027-38A8-4161-9DB6-4F1D38EBCDCA}.Release|Any CPU.Build.0 = Release|Any CPU
	EndGlobalSection
	GlobalSection(SolutionProperties) = preSolution
		HideSolutionNode = FALSE
	EndGlobalSection
	GlobalSection(ExtensibilityGlobals) = postSolution
		SolutionGuid = {174506B4-821C-436C-A369-6961A590356F}
	EndGlobalSection
EndGlobal
