
Microsoft Visual Studio Solution File, Format Version 12.00
# Visual Studio 15
VisualStudioVersion = 15.0.27130.2036
MinimumVisualStudioVersion = 10.0.40219.1
Project("{FAE04EC0-301F-11D3-BF4B-00C04F79EFBC}") = "List.BinarySearch", "List.BinarySearch\List.BinarySearch.csproj", "{38415C1D-20B7-45BF-8C2A-EB2CD2310721}"
EndProject
Global
	GlobalSection(SolutionConfigurationPlatforms) = preSolution
		Debug|Any CPU = Debug|Any CPU
		Release|Any CPU = Release|Any CPU
	EndGlobalSection
	GlobalSection(ProjectConfigurationPlatforms) = postSolution
		{38415C1D-20B7-45BF-8C2A-EB2CD2310721}.Debug|Any CPU.ActiveCfg = Debug|Any CPU
		{38415C1D-20B7-45BF-8C2A-EB2CD2310721}.Debug|Any CPU.Build.0 = Debug|Any CPU
		{38415C1D-20B7-45BF-8C2A-EB2CD2310721}.Release|Any CPU.ActiveCfg = Release|Any CPU
		{38415C1D-20B7-45BF-8C2A-EB2CD2310721}.Release|Any CPU.Build.0 = Release|Any CPU
	EndGlobalSection
	GlobalSection(SolutionProperties) = preSolution
		HideSolutionNode = FALSE
	EndGlobalSection
	GlobalSection(ExtensibilityGlobals) = postSolution
		SolutionGuid = {B0E26F88-2B8F-45D1-8FD8-32644180971B}
	EndGlobalSection
EndGlobal
