
Microsoft Visual Studio Solution File, Format Version 12.00
# Visual Studio 15
VisualStudioVersion = 15.0.27130.2036
MinimumVisualStudioVersion = 10.0.40219.1
Project("{FAE04EC0-301F-11D3-BF4B-00C04F79EFBC}") = "Dictionary Methdods", "Dictionary Methdods\Dictionary Methdods.csproj", "{0FA51D19-AE0F-42A2-8978-A31323F369BA}"
EndProject
Global
	GlobalSection(SolutionConfigurationPlatforms) = preSolution
		Debug|Any CPU = Debug|Any CPU
		Release|Any CPU = Release|Any CPU
	EndGlobalSection
	GlobalSection(ProjectConfigurationPlatforms) = postSolution
		{0FA51D19-AE0F-42A2-8978-A31323F369BA}.Debug|Any CPU.ActiveCfg = Debug|Any CPU
		{0FA51D19-AE0F-42A2-8978-A31323F369BA}.Debug|Any CPU.Build.0 = Debug|Any CPU
		{0FA51D19-AE0F-42A2-8978-A31323F369BA}.Release|Any CPU.ActiveCfg = Release|Any CPU
		{0FA51D19-AE0F-42A2-8978-A31323F369BA}.Release|Any CPU.Build.0 = Release|Any CPU
	EndGlobalSection
	GlobalSection(SolutionProperties) = preSolution
		HideSolutionNode = FALSE
	EndGlobalSection
	GlobalSection(ExtensibilityGlobals) = postSolution
		SolutionGuid = {6AE423AD-52EF-44AC-B244-A23E1FCF96C1}
	EndGlobalSection
EndGlobal
